// !$*UTF8*$!
{
	archiveVersion = 1;
	classes = {
	};
	objectVersion = 56;
	objects = {

/* Begin PBXBuildFile section */
		0014588A2AB341210000DE00 /* User.swift in Sources */ = {isa = PBXBuildFile; fileRef = 001458892AB341210000DE00 /* User.swift */; };
		0014588C2AB341450000DE00 /* UserService.swift in Sources */ = {isa = PBXBuildFile; fileRef = 0014588B2AB341450000DE00 /* UserService.swift */; };
		001458912AB3453E0000DE00 /* UserViewController.swift in Sources */ = {isa = PBXBuildFile; fileRef = 0014588F2AB3453E0000DE00 /* UserViewController.swift */; };
		001458922AB3453E0000DE00 /* UserViewController.xib in Resources */ = {isa = PBXBuildFile; fileRef = 001458902AB3453E0000DE00 /* UserViewController.xib */; };
		0014589A2AB347FC0000DE00 /* UserListViewController.swift in Sources */ = {isa = PBXBuildFile; fileRef = 001458982AB347FC0000DE00 /* UserListViewController.swift */; };
		0014589B2AB347FC0000DE00 /* UserListViewController.xib in Resources */ = {isa = PBXBuildFile; fileRef = 001458992AB347FC0000DE00 /* UserListViewController.xib */; };
		007F56ED2AB2F35B009A7990 /* AppDelegate.swift in Sources */ = {isa = PBXBuildFile; fileRef = 007F56EC2AB2F35B009A7990 /* AppDelegate.swift */; };
		007F56F42AB2F35B009A7990 /* Main.storyboard in Resources */ = {isa = PBXBuildFile; fileRef = 007F56F22AB2F35B009A7990 /* Main.storyboard */; };
		007F56F62AB2F35C009A7990 /* Assets.xcassets in Resources */ = {isa = PBXBuildFile; fileRef = 007F56F52AB2F35C009A7990 /* Assets.xcassets */; };
		007F56F92AB2F35C009A7990 /* LaunchScreen.storyboard in Resources */ = {isa = PBXBuildFile; fileRef = 007F56F72AB2F35C009A7990 /* LaunchScreen.storyboard */; };
		0DCBB1BA147B1D2E61449C9C /* Pods_UsingFrameworkMoyaTests.framework in Frameworks */ = {isa = PBXBuildFile; fileRef = A2108ED459DA0B3156B85D79 /* Pods_UsingFrameworkMoyaTests.framework */; };
		34D387EA0FE7D368FACFE1CC /* Pods_UsingFrameworkMoya_UsingFrameworkMoyaUITests.framework in Frameworks */ = {isa = PBXBuildFile; fileRef = B5E376D6E24A55FEF0E09707 /* Pods_UsingFrameworkMoya_UsingFrameworkMoyaUITests.framework */; };
		76C6728F93FBD9107A117098 /* Pods_UsingFrameworkMoya.framework in Frameworks */ = {isa = PBXBuildFile; fileRef = 959187FBF8347C8C3617D84A /* Pods_UsingFrameworkMoya.framework */; };
/* End PBXBuildFile section */

/* Begin PBXContainerItemProxy section */
		007F57002AB2F35C009A7990 /* PBXContainerItemProxy */ = {
			isa = PBXContainerItemProxy;
			containerPortal = 007F56E12AB2F35A009A7990 /* Project object */;
			proxyType = 1;
			remoteGlobalIDString = 007F56E82AB2F35B009A7990;
			remoteInfo = UsingFrameworkMoya;
		};
		007F570A2AB2F35C009A7990 /* PBXContainerItemProxy */ = {
			isa = PBXContainerItemProxy;
			containerPortal = 007F56E12AB2F35A009A7990 /* Project object */;
			proxyType = 1;
			remoteGlobalIDString = 007F56E82AB2F35B009A7990;
			remoteInfo = UsingFrameworkMoya;
		};
/* End PBXContainerItemProxy section */

/* Begin PBXFileReference section */
		001458892AB341210000DE00 /* User.swift */ = {isa = PBXFileReference; lastKnownFileType = sourcecode.swift; path = User.swift; sourceTree = "<group>"; };
		0014588B2AB341450000DE00 /* UserService.swift */ = {isa = PBXFileReference; lastKnownFileType = sourcecode.swift; path = UserService.swift; sourceTree = "<group>"; };
		0014588F2AB3453E0000DE00 /* UserViewController.swift */ = {isa = PBXFileReference; lastKnownFileType = sourcecode.swift; path = UserViewController.swift; sourceTree = "<group>"; };
		001458902AB3453E0000DE00 /* UserViewController.xib */ = {isa = PBXFileReference; lastKnownFileType = file.xib; path = UserViewController.xib; sourceTree = "<group>"; };
		001458982AB347FC0000DE00 /* UserListViewController.swift */ = {isa = PBXFileReference; lastKnownFileType = sourcecode.swift; path = UserListViewController.swift; sourceTree = "<group>"; };
		001458992AB347FC0000DE00 /* UserListViewController.xib */ = {isa = PBXFileReference; lastKnownFileType = file.xib; path = UserListViewController.xib; sourceTree = "<group>"; };
		007F56E92AB2F35B009A7990 /* UsingFrameworkMoya.app */ = {isa = PBXFileReference; explicitFileType = wrapper.application; includeInIndex = 0; path = UsingFrameworkMoya.app; sourceTree = BUILT_PRODUCTS_DIR; };
		007F56EC2AB2F35B009A7990 /* AppDelegate.swift */ = {isa = PBXFileReference; lastKnownFileType = sourcecode.swift; path = AppDelegate.swift; sourceTree = "<group>"; };
		007F56F32AB2F35B009A7990 /* Base */ = {isa = PBXFileReference; lastKnownFileType = file.storyboard; name = Base; path = Base.lproj/Main.storyboard; sourceTree = "<group>"; };
		007F56F52AB2F35C009A7990 /* Assets.xcassets */ = {isa = PBXFileReference; lastKnownFileType = folder.assetcatalog; path = Assets.xcassets; sourceTree = "<group>"; };
		007F56F82AB2F35C009A7990 /* Base */ = {isa = PBXFileReference; lastKnownFileType = file.storyboard; name = Base; path = Base.lproj/LaunchScreen.storyboard; sourceTree = "<group>"; };
		007F56FA2AB2F35C009A7990 /* Info.plist */ = {isa = PBXFileReference; lastKnownFileType = text.plist.xml; path = Info.plist; sourceTree = "<group>"; };
		007F56FF2AB2F35C009A7990 /* UsingFrameworkMoyaTests.xctest */ = {isa = PBXFileReference; explicitFileType = wrapper.cfbundle; includeInIndex = 0; path = UsingFrameworkMoyaTests.xctest; sourceTree = BUILT_PRODUCTS_DIR; };
		007F57092AB2F35C009A7990 /* UsingFrameworkMoyaUITests.xctest */ = {isa = PBXFileReference; explicitFileType = wrapper.cfbundle; includeInIndex = 0; path = UsingFrameworkMoyaUITests.xctest; sourceTree = BUILT_PRODUCTS_DIR; };
		0D37E4811E565AF50CDADB03 /* Pods-UsingFrameworkMoyaTests.release.xcconfig */ = {isa = PBXFileReference; includeInIndex = 1; lastKnownFileType = text.xcconfig; name = "Pods-UsingFrameworkMoyaTests.release.xcconfig"; path = "Target Support Files/Pods-UsingFrameworkMoyaTests/Pods-UsingFrameworkMoyaTests.release.xcconfig"; sourceTree = "<group>"; };
		14BFD520576CCE3121E871B3 /* Pods-UsingFrameworkMoya-UsingFrameworkMoyaUITests.debug.xcconfig */ = {isa = PBXFileReference; includeInIndex = 1; lastKnownFileType = text.xcconfig; name = "Pods-UsingFrameworkMoya-UsingFrameworkMoyaUITests.debug.xcconfig"; path = "Target Support Files/Pods-UsingFrameworkMoya-UsingFrameworkMoyaUITests/Pods-UsingFrameworkMoya-UsingFrameworkMoyaUITests.debug.xcconfig"; sourceTree = "<group>"; };
		3FCA9CDE878DA5B8FAAD9E9A /* Pods-UsingFrameworkMoya.release.xcconfig */ = {isa = PBXFileReference; includeInIndex = 1; lastKnownFileType = text.xcconfig; name = "Pods-UsingFrameworkMoya.release.xcconfig"; path = "Target Support Files/Pods-UsingFrameworkMoya/Pods-UsingFrameworkMoya.release.xcconfig"; sourceTree = "<group>"; };
		959187FBF8347C8C3617D84A /* Pods_UsingFrameworkMoya.framework */ = {isa = PBXFileReference; explicitFileType = wrapper.framework; includeInIndex = 0; path = Pods_UsingFrameworkMoya.framework; sourceTree = BUILT_PRODUCTS_DIR; };
		A2108ED459DA0B3156B85D79 /* Pods_UsingFrameworkMoyaTests.framework */ = {isa = PBXFileReference; explicitFileType = wrapper.framework; includeInIndex = 0; path = Pods_UsingFrameworkMoyaTests.framework; sourceTree = BUILT_PRODUCTS_DIR; };
		A5FC46165DFC1D7205BF1129 /* Pods-UsingFrameworkMoyaTests.debug.xcconfig */ = {isa = PBXFileReference; includeInIndex = 1; lastKnownFileType = text.xcconfig; name = "Pods-UsingFrameworkMoyaTests.debug.xcconfig"; path = "Target Support Files/Pods-UsingFrameworkMoyaTests/Pods-UsingFrameworkMoyaTests.debug.xcconfig"; sourceTree = "<group>"; };
		B5E376D6E24A55FEF0E09707 /* Pods_UsingFrameworkMoya_UsingFrameworkMoyaUITests.framework */ = {isa = PBXFileReference; explicitFileType = wrapper.framework; includeInIndex = 0; path = Pods_UsingFrameworkMoya_UsingFrameworkMoyaUITests.framework; sourceTree = BUILT_PRODUCTS_DIR; };
		BA045704F4A352EECCBAA3DE /* Pods-UsingFrameworkMoya-UsingFrameworkMoyaUITests.release.xcconfig */ = {isa = PBXFileReference; includeInIndex = 1; lastKnownFileType = text.xcconfig; name = "Pods-UsingFrameworkMoya-UsingFrameworkMoyaUITests.release.xcconfig"; path = "Target Support Files/Pods-UsingFrameworkMoya-UsingFrameworkMoyaUITests/Pods-UsingFrameworkMoya-UsingFrameworkMoyaUITests.release.xcconfig"; sourceTree = "<group>"; };
		D6FEC9B6457CF2515A540473 /* Pods-UsingFrameworkMoya.debug.xcconfig */ = {isa = PBXFileReference; includeInIndex = 1; lastKnownFileType = text.xcconfig; name = "Pods-UsingFrameworkMoya.debug.xcconfig"; path = "Target Support Files/Pods-UsingFrameworkMoya/Pods-UsingFrameworkMoya.debug.xcconfig"; sourceTree = "<group>"; };
/* End PBXFileReference section */

/* Begin PBXFrameworksBuildPhase section */
		007F56E62AB2F35B009A7990 /* Frameworks */ = {
			isa = PBXFrameworksBuildPhase;
			buildActionMask = 2147483647;
			files = (
				76C6728F93FBD9107A117098 /* Pods_UsingFrameworkMoya.framework in Frameworks */,
			);
			runOnlyForDeploymentPostprocessing = 0;
		};
		007F56FC2AB2F35C009A7990 /* Frameworks */ = {
			isa = PBXFrameworksBuildPhase;
			buildActionMask = 2147483647;
			files = (
				0DCBB1BA147B1D2E61449C9C /* Pods_UsingFrameworkMoyaTests.framework in Frameworks */,
			);
			runOnlyForDeploymentPostprocessing = 0;
		};
		007F57062AB2F35C009A7990 /* Frameworks */ = {
			isa = PBXFrameworksBuildPhase;
			buildActionMask = 2147483647;
			files = (
				34D387EA0FE7D368FACFE1CC /* Pods_UsingFrameworkMoya_UsingFrameworkMoyaUITests.framework in Frameworks */,
			);
			runOnlyForDeploymentPostprocessing = 0;
		};
/* End PBXFrameworksBuildPhase section */

/* Begin PBXGroup section */
		0014588D2AB341D10000DE00 /* APIService */ = {
			isa = PBXGroup;
			children = (
				0014588B2AB341450000DE00 /* UserService.swift */,
			);
			path = APIService;
			sourceTree = "<group>";
		};
		0014588E2AB341F00000DE00 /*  Model */ = {
			isa = PBXGroup;
			children = (
				001458892AB341210000DE00 /* User.swift */,
			);
			path = " Model";
			sourceTree = "<group>";
		};
		0014589C2AB34D1D0000DE00 /* ViewControllers */ = {
			isa = PBXGroup;
			children = (
				0014588F2AB3453E0000DE00 /* UserViewController.swift */,
				001458902AB3453E0000DE00 /* UserViewController.xib */,
				001458982AB347FC0000DE00 /* UserListViewController.swift */,
				001458992AB347FC0000DE00 /* UserListViewController.xib */,
			);
			path = ViewControllers;
			sourceTree = "<group>";
		};
		007F56E02AB2F35A009A7990 = {
			isa = PBXGroup;
			children = (
				007F56EB2AB2F35B009A7990 /* UsingFrameworkMoya */,
				007F56EA2AB2F35B009A7990 /* Products */,
				3E1D25FDFF125E0B303EB252 /* Pods */,
				3044442A5EE29CE2D0602196 /* Frameworks */,
			);
			sourceTree = "<group>";
		};
		007F56EA2AB2F35B009A7990 /* Products */ = {
			isa = PBXGroup;
			children = (
				007F56E92AB2F35B009A7990 /* UsingFrameworkMoya.app */,
				007F56FF2AB2F35C009A7990 /* UsingFrameworkMoyaTests.xctest */,
				007F57092AB2F35C009A7990 /* UsingFrameworkMoyaUITests.xctest */,
			);
			name = Products;
			sourceTree = "<group>";
		};
		007F56EB2AB2F35B009A7990 /* UsingFrameworkMoya */ = {
			isa = PBXGroup;
			children = (
				0014588D2AB341D10000DE00 /* APIService */,
				0014588E2AB341F00000DE00 /*  Model */,
				0014589C2AB34D1D0000DE00 /* ViewControllers */,
				007F56EC2AB2F35B009A7990 /* AppDelegate.swift */,
				007F56F22AB2F35B009A7990 /* Main.storyboard */,
				007F56F52AB2F35C009A7990 /* Assets.xcassets */,
				007F56F72AB2F35C009A7990 /* LaunchScreen.storyboard */,
				007F56FA2AB2F35C009A7990 /* Info.plist */,
			);
			path = UsingFrameworkMoya;
			sourceTree = "<group>";
		};
		3044442A5EE29CE2D0602196 /* Frameworks */ = {
			isa = PBXGroup;
			children = (
				959187FBF8347C8C3617D84A /* Pods_UsingFrameworkMoya.framework */,
				B5E376D6E24A55FEF0E09707 /* Pods_UsingFrameworkMoya_UsingFrameworkMoyaUITests.framework */,
				A2108ED459DA0B3156B85D79 /* Pods_UsingFrameworkMoyaTests.framework */,
			);
			name = Frameworks;
			sourceTree = "<group>";
		};
		3E1D25FDFF125E0B303EB252 /* Pods */ = {
			isa = PBXGroup;
			children = (
				D6FEC9B6457CF2515A540473 /* Pods-UsingFrameworkMoya.debug.xcconfig */,
				3FCA9CDE878DA5B8FAAD9E9A /* Pods-UsingFrameworkMoya.release.xcconfig */,
				14BFD520576CCE3121E871B3 /* Pods-UsingFrameworkMoya-UsingFrameworkMoyaUITests.debug.xcconfig */,
				BA045704F4A352EECCBAA3DE /* Pods-UsingFrameworkMoya-UsingFrameworkMoyaUITests.release.xcconfig */,
				A5FC46165DFC1D7205BF1129 /* Pods-UsingFrameworkMoyaTests.debug.xcconfig */,
				0D37E4811E565AF50CDADB03 /* Pods-UsingFrameworkMoyaTests.release.xcconfig */,
			);
			path = Pods;
			sourceTree = "<group>";
		};
/* End PBXGroup section */

/* Begin PBXNativeTarget section */
		007F56E82AB2F35B009A7990 /* UsingFrameworkMoya */ = {
			isa = PBXNativeTarget;
			buildConfigurationList = 007F57132AB2F35C009A7990 /* Build configuration list for PBXNativeTarget "UsingFrameworkMoya" */;
			buildPhases = (
				536B48623F336D47F82A33A0 /* [CP] Check Pods Manifest.lock */,
				007F56E52AB2F35B009A7990 /* Sources */,
				007F56E62AB2F35B009A7990 /* Frameworks */,
				007F56E72AB2F35B009A7990 /* Resources */,
				9C67A390DC23C7A451968742 /* [CP] Embed Pods Frameworks */,
			);
			buildRules = (
			);
			dependencies = (
			);
			name = UsingFrameworkMoya;
			productName = UsingFrameworkMoya;
			productReference = 007F56E92AB2F35B009A7990 /* UsingFrameworkMoya.app */;
			productType = "com.apple.product-type.application";
		};
		007F56FE2AB2F35C009A7990 /* UsingFrameworkMoyaTests */ = {
			isa = PBXNativeTarget;
			buildConfigurationList = 007F57162AB2F35C009A7990 /* Build configuration list for PBXNativeTarget "UsingFrameworkMoyaTests" */;
			buildPhases = (
				6EC9AD4A789C00F463B3EE80 /* [CP] Check Pods Manifest.lock */,
				007F56FB2AB2F35C009A7990 /* Sources */,
				007F56FC2AB2F35C009A7990 /* Frameworks */,
				007F56FD2AB2F35C009A7990 /* Resources */,
			);
			buildRules = (
			);
			dependencies = (
				007F57012AB2F35C009A7990 /* PBXTargetDependency */,
			);
			name = UsingFrameworkMoyaTests;
			productName = UsingFrameworkMoyaTests;
			productReference = 007F56FF2AB2F35C009A7990 /* UsingFrameworkMoyaTests.xctest */;
			productType = "com.apple.product-type.bundle.unit-test";
		};
		007F57082AB2F35C009A7990 /* UsingFrameworkMoyaUITests */ = {
			isa = PBXNativeTarget;
			buildConfigurationList = 007F57192AB2F35C009A7990 /* Build configuration list for PBXNativeTarget "UsingFrameworkMoyaUITests" */;
			buildPhases = (
				74E21F67CA9D29FF2EC35F91 /* [CP] Check Pods Manifest.lock */,
				007F57052AB2F35C009A7990 /* Sources */,
				007F57062AB2F35C009A7990 /* Frameworks */,
				007F57072AB2F35C009A7990 /* Resources */,
				9C9D7D5C2B1529A61D67AD62 /* [CP] Embed Pods Frameworks */,
			);
			buildRules = (
			);
			dependencies = (
				007F570B2AB2F35C009A7990 /* PBXTargetDependency */,
			);
			name = UsingFrameworkMoyaUITests;
			productName = UsingFrameworkMoyaUITests;
			productReference = 007F57092AB2F35C009A7990 /* UsingFrameworkMoyaUITests.xctest */;
			productType = "com.apple.product-type.bundle.ui-testing";
		};
/* End PBXNativeTarget section */

/* Begin PBXProject section */
		007F56E12AB2F35A009A7990 /* Project object */ = {
			isa = PBXProject;
			attributes = {
				BuildIndependentTargetsInParallel = 1;
				LastSwiftUpdateCheck = 1430;
				LastUpgradeCheck = 1430;
				TargetAttributes = {
					007F56E82AB2F35B009A7990 = {
						CreatedOnToolsVersion = 14.3.1;
					};
					007F56FE2AB2F35C009A7990 = {
						CreatedOnToolsVersion = 14.3.1;
						TestTargetID = 007F56E82AB2F35B009A7990;
					};
					007F57082AB2F35C009A7990 = {
						CreatedOnToolsVersion = 14.3.1;
						TestTargetID = 007F56E82AB2F35B009A7990;
					};
				};
			};
			buildConfigurationList = 007F56E42AB2F35A009A7990 /* Build configuration list for PBXProject "UsingFrameworkMoya" */;
			compatibilityVersion = "Xcode 14.0";
			developmentRegion = en;
			hasScannedForEncodings = 0;
			knownRegions = (
				en,
				Base,
			);
			mainGroup = 007F56E02AB2F35A009A7990;
			productRefGroup = 007F56EA2AB2F35B009A7990 /* Products */;
			projectDirPath = "";
			projectRoot = "";
			targets = (
				007F56E82AB2F35B009A7990 /* UsingFrameworkMoya */,
				007F56FE2AB2F35C009A7990 /* UsingFrameworkMoyaTests */,
				007F57082AB2F35C009A7990 /* UsingFrameworkMoyaUITests */,
			);
		};
/* End PBXProject section */

/* Begin PBXResourcesBuildPhase section */
		007F56E72AB2F35B009A7990 /* Resources */ = {
			isa = PBXResourcesBuildPhase;
			buildActionMask = 2147483647;
			files = (
				007F56F92AB2F35C009A7990 /* LaunchScreen.storyboard in Resources */,
				001458922AB3453E0000DE00 /* UserViewController.xib in Resources */,
				007F56F62AB2F35C009A7990 /* Assets.xcassets in Resources */,
				007F56F42AB2F35B009A7990 /* Main.storyboard in Resources */,
				0014589B2AB347FC0000DE00 /* UserListViewController.xib in Resources */,
			);
			runOnlyForDeploymentPostprocessing = 0;
		};
		007F56FD2AB2F35C009A7990 /* Resources */ = {
			isa = PBXResourcesBuildPhase;
			buildActionMask = 2147483647;
			files = (
			);
			runOnlyForDeploymentPostprocessing = 0;
		};
		007F57072AB2F35C009A7990 /* Resources */ = {
			isa = PBXResourcesBuildPhase;
			buildActionMask = 2147483647;
			files = (
			);
			runOnlyForDeploymentPostprocessing = 0;
		};
/* End PBXResourcesBuildPhase section */

/* Begin PBXShellScriptBuildPhase section */
		536B48623F336D47F82A33A0 /* [CP] Check Pods Manifest.lock */ = {
			isa = PBXShellScriptBuildPhase;
			buildActionMask = 2147483647;
			files = (
			);
			inputFileListPaths = (
			);
			inputPaths = (
				"${PODS_PODFILE_DIR_PATH}/Podfile.lock",
				"${PODS_ROOT}/Manifest.lock",
			);
			name = "[CP] Check Pods Manifest.lock";
			outputFileListPaths = (
			);
			outputPaths = (
				"$(DERIVED_FILE_DIR)/Pods-UsingFrameworkMoya-checkManifestLockResult.txt",
			);
			runOnlyForDeploymentPostprocessing = 0;
			shellPath = /bin/sh;
			shellScript = "diff \"${PODS_PODFILE_DIR_PATH}/Podfile.lock\" \"${PODS_ROOT}/Manifest.lock\" > /dev/null\nif [ $? != 0 ] ; then\n    # print error to STDERR\n    echo \"error: The sandbox is not in sync with the Podfile.lock. Run 'pod install' or update your CocoaPods installation.\" >&2\n    exit 1\nfi\n# This output is used by Xcode 'outputs' to avoid re-running this script phase.\necho \"SUCCESS\" > \"${SCRIPT_OUTPUT_FILE_0}\"\n";
			showEnvVarsInLog = 0;
		};
		6EC9AD4A789C00F463B3EE80 /* [CP] Check Pods Manifest.lock */ = {
			isa = PBXShellScriptBuildPhase;
			buildActionMask = 2147483647;
			files = (
			);
			inputFileListPaths = (
			);
			inputPaths = (
				"${PODS_PODFILE_DIR_PATH}/Podfile.lock",
				"${PODS_ROOT}/Manifest.lock",
			);
			name = "[CP] Check Pods Manifest.lock";
			outputFileListPaths = (
			);
			outputPaths = (
				"$(DERIVED_FILE_DIR)/Pods-UsingFrameworkMoyaTests-checkManifestLockResult.txt",
			);
			runOnlyForDeploymentPostprocessing = 0;
			shellPath = /bin/sh;
			shellScript = "diff \"${PODS_PODFILE_DIR_PATH}/Podfile.lock\" \"${PODS_ROOT}/Manifest.lock\" > /dev/null\nif [ $? != 0 ] ; then\n    # print error to STDERR\n    echo \"error: The sandbox is not in sync with the Podfile.lock. Run 'pod install' or update your CocoaPods installation.\" >&2\n    exit 1\nfi\n# This output is used by Xcode 'outputs' to avoid re-running this script phase.\necho \"SUCCESS\" > \"${SCRIPT_OUTPUT_FILE_0}\"\n";
			showEnvVarsInLog = 0;
		};
		74E21F67CA9D29FF2EC35F91 /* [CP] Check Pods Manifest.lock */ = {
			isa = PBXShellScriptBuildPhase;
			buildActionMask = 2147483647;
			files = (
			);
			inputFileListPaths = (
			);
			inputPaths = (
				"${PODS_PODFILE_DIR_PATH}/Podfile.lock",
				"${PODS_ROOT}/Manifest.lock",
			);
			name = "[CP] Check Pods Manifest.lock";
			outputFileListPaths = (
			);
			outputPaths = (
				"$(DERIVED_FILE_DIR)/Pods-UsingFrameworkMoya-UsingFrameworkMoyaUITests-checkManifestLockResult.txt",
			);
			runOnlyForDeploymentPostprocessing = 0;
			shellPath = /bin/sh;
			shellScript = "diff \"${PODS_PODFILE_DIR_PATH}/Podfile.lock\" \"${PODS_ROOT}/Manifest.lock\" > /dev/null\nif [ $? != 0 ] ; then\n    # print error to STDERR\n    echo \"error: The sandbox is not in sync with the Podfile.lock. Run 'pod install' or update your CocoaPods installation.\" >&2\n    exit 1\nfi\n# This output is used by Xcode 'outputs' to avoid re-running this script phase.\necho \"SUCCESS\" > \"${SCRIPT_OUTPUT_FILE_0}\"\n";
			showEnvVarsInLog = 0;
		};
		9C67A390DC23C7A451968742 /* [CP] Embed Pods Frameworks */ = {
			isa = PBXShellScriptBuildPhase;
			buildActionMask = 2147483647;
			files = (
			);
			inputFileListPaths = (
				"${PODS_ROOT}/Target Support Files/Pods-UsingFrameworkMoya/Pods-UsingFrameworkMoya-frameworks-${CONFIGURATION}-input-files.xcfilelist",
			);
			name = "[CP] Embed Pods Frameworks";
			outputFileListPaths = (
				"${PODS_ROOT}/Target Support Files/Pods-UsingFrameworkMoya/Pods-UsingFrameworkMoya-frameworks-${CONFIGURATION}-output-files.xcfilelist",
			);
			runOnlyForDeploymentPostprocessing = 0;
			shellPath = /bin/sh;
			shellScript = "\"${PODS_ROOT}/Target Support Files/Pods-UsingFrameworkMoya/Pods-UsingFrameworkMoya-frameworks.sh\"\n";
			showEnvVarsInLog = 0;
		};
		9C9D7D5C2B1529A61D67AD62 /* [CP] Embed Pods Frameworks */ = {
			isa = PBXShellScriptBuildPhase;
			buildActionMask = 2147483647;
			files = (
			);
			inputFileListPaths = (
				"${PODS_ROOT}/Target Support Files/Pods-UsingFrameworkMoya-UsingFrameworkMoyaUITests/Pods-UsingFrameworkMoya-UsingFrameworkMoyaUITests-frameworks-${CONFIGURATION}-input-files.xcfilelist",
			);
			name = "[CP] Embed Pods Frameworks";
			outputFileListPaths = (
				"${PODS_ROOT}/Target Support Files/Pods-UsingFrameworkMoya-UsingFrameworkMoyaUITests/Pods-UsingFrameworkMoya-UsingFrameworkMoyaUITests-frameworks-${CONFIGURATION}-output-files.xcfilelist",
			);
			runOnlyForDeploymentPostprocessing = 0;
			shellPath = /bin/sh;
			shellScript = "\"${PODS_ROOT}/Target Support Files/Pods-UsingFrameworkMoya-UsingFrameworkMoyaUITests/Pods-UsingFrameworkMoya-UsingFrameworkMoyaUITests-frameworks.sh\"\n";
			showEnvVarsInLog = 0;
		};
/* End PBXShellScriptBuildPhase section */

/* Begin PBXSourcesBuildPhase section */
		007F56E52AB2F35B009A7990 /* Sources */ = {
			isa = PBXSourcesBuildPhase;
			buildActionMask = 2147483647;
			files = (
				0014589A2AB347FC0000DE00 /* UserListViewController.swift in Sources */,
				0014588C2AB341450000DE00 /* UserService.swift in Sources */,
				001458912AB3453E0000DE00 /* UserViewController.swift in Sources */,
				007F56ED2AB2F35B009A7990 /* AppDelegate.swift in Sources */,
				0014588A2AB341210000DE00 /* User.swift in Sources */,
			);
			runOnlyForDeploymentPostprocessing = 0;
		};
		007F56FB2AB2F35C009A7990 /* Sources */ = {
			isa = PBXSourcesBuildPhase;
			buildActionMask = 2147483647;
			files = (
			);
			runOnlyForDeploymentPostprocessing = 0;
		};
		007F57052AB2F35C009A7990 /* Sources */ = {
			isa = PBXSourcesBuildPhase;
			buildActionMask = 2147483647;
			files = (
			);
			runOnlyForDeploymentPostprocessing = 0;
		};
/* End PBXSourcesBuildPhase section */

/* Begin PBXTargetDependency section */
		007F57012AB2F35C009A7990 /* PBXTargetDependency */ = {
			isa = PBXTargetDependency;
			target = 007F56E82AB2F35B009A7990 /* UsingFrameworkMoya */;
			targetProxy = 007F57002AB2F35C009A7990 /* PBXContainerItemProxy */;
		};
		007F570B2AB2F35C009A7990 /* PBXTargetDependency */ = {
			isa = PBXTargetDependency;
			target = 007F56E82AB2F35B009A7990 /* UsingFrameworkMoya */;
			targetProxy = 007F570A2AB2F35C009A7990 /* PBXContainerItemProxy */;
		};
/* End PBXTargetDependency section */

/* Begin PBXVariantGroup section */
		007F56F22AB2F35B009A7990 /* Main.storyboard */ = {
			isa = PBXVariantGroup;
			children = (
				007F56F32AB2F35B009A7990 /* Base */,
			);
			name = Main.storyboard;
			sourceTree = "<group>";
		};
		007F56F72AB2F35C009A7990 /* LaunchScreen.storyboard */ = {
			isa = PBXVariantGroup;
			children = (
				007F56F82AB2F35C009A7990 /* Base */,
			);
			name = LaunchScreen.storyboard;
			sourceTree = "<group>";
		};
/* End PBXVariantGroup section */

/* Begin XCBuildConfiguration section */
		007F57112AB2F35C009A7990 /* Debug */ = {
			isa = XCBuildConfiguration;
			buildSettings = {
				ALWAYS_SEARCH_USER_PATHS = NO;
				CLANG_ANALYZER_NONNULL = YES;
				CLANG_ANALYZER_NUMBER_OBJECT_CONVERSION = YES_AGGRESSIVE;
				CLANG_CXX_LANGUAGE_STANDARD = "gnu++20";
				CLANG_ENABLE_MODULES = YES;
				CLANG_ENABLE_OBJC_ARC = YES;
				CLANG_ENABLE_OBJC_WEAK = YES;
				CLANG_WARN_BLOCK_CAPTURE_AUTORELEASING = YES;
				CLANG_WARN_BOOL_CONVERSION = YES;
				CLANG_WARN_COMMA = YES;
				CLANG_WARN_CONSTANT_CONVERSION = YES;
				CLANG_WARN_DEPRECATED_OBJC_IMPLEMENTATIONS = YES;
				CLANG_WARN_DIRECT_OBJC_ISA_USAGE = YES_ERROR;
				CLANG_WARN_DOCUMENTATION_COMMENTS = YES;
				CLANG_WARN_EMPTY_BODY = YES;
				CLANG_WARN_ENUM_CONVERSION = YES;
				CLANG_WARN_INFINITE_RECURSION = YES;
				CLANG_WARN_INT_CONVERSION = YES;
				CLANG_WARN_NON_LITERAL_NULL_CONVERSION = YES;
				CLANG_WARN_OBJC_IMPLICIT_RETAIN_SELF = YES;
				CLANG_WARN_OBJC_LITERAL_CONVERSION = YES;
				CLANG_WARN_OBJC_ROOT_CLASS = YES_ERROR;
				CLANG_WARN_QUOTED_INCLUDE_IN_FRAMEWORK_HEADER = YES;
				CLANG_WARN_RANGE_LOOP_ANALYSIS = YES;
				CLANG_WARN_STRICT_PROTOTYPES = YES;
				CLANG_WARN_SUSPICIOUS_MOVE = YES;
				CLANG_WARN_UNGUARDED_AVAILABILITY = YES_AGGRESSIVE;
				CLANG_WARN_UNREACHABLE_CODE = YES;
				CLANG_WARN__DUPLICATE_METHOD_MATCH = YES;
				COPY_PHASE_STRIP = NO;
				DEBUG_INFORMATION_FORMAT = dwarf;
				ENABLE_STRICT_OBJC_MSGSEND = YES;
				ENABLE_TESTABILITY = YES;
				GCC_C_LANGUAGE_STANDARD = gnu11;
				GCC_DYNAMIC_NO_PIC = NO;
				GCC_NO_COMMON_BLOCKS = YES;
				GCC_OPTIMIZATION_LEVEL = 0;
				GCC_PREPROCESSOR_DEFINITIONS = (
					"DEBUG=1",
					"$(inherited)",
				);
				GCC_WARN_64_TO_32_BIT_CONVERSION = YES;
				GCC_WARN_ABOUT_RETURN_TYPE = YES_ERROR;
				GCC_WARN_UNDECLARED_SELECTOR = YES;
				GCC_WARN_UNINITIALIZED_AUTOS = YES_AGGRESSIVE;
				GCC_WARN_UNUSED_FUNCTION = YES;
				GCC_WARN_UNUSED_VARIABLE = YES;
				IPHONEOS_DEPLOYMENT_TARGET = 16.4;
				MTL_ENABLE_DEBUG_INFO = INCLUDE_SOURCE;
				MTL_FAST_MATH = YES;
				ONLY_ACTIVE_ARCH = YES;
				SDKROOT = iphoneos;
				SWIFT_ACTIVE_COMPILATION_CONDITIONS = DEBUG;
				SWIFT_OPTIMIZATION_LEVEL = "-Onone";
			};
			name = Debug;
		};
		007F57122AB2F35C009A7990 /* Release */ = {
			isa = XCBuildConfiguration;
			buildSettings = {
				ALWAYS_SEARCH_USER_PATHS = NO;
				CLANG_ANALYZER_NONNULL = YES;
				CLANG_ANALYZER_NUMBER_OBJECT_CONVERSION = YES_AGGRESSIVE;
				CLANG_CXX_LANGUAGE_STANDARD = "gnu++20";
				CLANG_ENABLE_MODULES = YES;
				CLANG_ENABLE_OBJC_ARC = YES;
				CLANG_ENABLE_OBJC_WEAK = YES;
				CLANG_WARN_BLOCK_CAPTURE_AUTORELEASING = YES;
				CLANG_WARN_BOOL_CONVERSION = YES;
				CLANG_WARN_COMMA = YES;
				CLANG_WARN_CONSTANT_CONVERSION = YES;
				CLANG_WARN_DEPRECATED_OBJC_IMPLEMENTATIONS = YES;
				CLANG_WARN_DIRECT_OBJC_ISA_USAGE = YES_ERROR;
				CLANG_WARN_DOCUMENTATION_COMMENTS = YES;
				CLANG_WARN_EMPTY_BODY = YES;
				CLANG_WARN_ENUM_CONVERSION = YES;
				CLANG_WARN_INFINITE_RECURSION = YES;
				CLANG_WARN_INT_CONVERSION = YES;
				CLANG_WARN_NON_LITERAL_NULL_CONVERSION = YES;
				CLANG_WARN_OBJC_IMPLICIT_RETAIN_SELF = YES;
				CLANG_WARN_OBJC_LITERAL_CONVERSION = YES;
				CLANG_WARN_OBJC_ROOT_CLASS = YES_ERROR;
				CLANG_WARN_QUOTED_INCLUDE_IN_FRAMEWORK_HEADER = YES;
				CLANG_WARN_RANGE_LOOP_ANALYSIS = YES;
				CLANG_WARN_STRICT_PROTOTYPES = YES;
				CLANG_WARN_SUSPICIOUS_MOVE = YES;
				CLANG_WARN_UNGUARDED_AVAILABILITY = YES_AGGRESSIVE;
				CLANG_WARN_UNREACHABLE_CODE = YES;
				CLANG_WARN__DUPLICATE_METHOD_MATCH = YES;
				COPY_PHASE_STRIP = NO;
				DEBUG_INFORMATION_FORMAT = "dwarf-with-dsym";
				ENABLE_NS_ASSERTIONS = NO;
				ENABLE_STRICT_OBJC_MSGSEND = YES;
				GCC_C_LANGUAGE_STANDARD = gnu11;
				GCC_NO_COMMON_BLOCKS = YES;
				GCC_WARN_64_TO_32_BIT_CONVERSION = YES;
				GCC_WARN_ABOUT_RETURN_TYPE = YES_ERROR;
				GCC_WARN_UNDECLARED_SELECTOR = YES;
				GCC_WARN_UNINITIALIZED_AUTOS = YES_AGGRESSIVE;
				GCC_WARN_UNUSED_FUNCTION = YES;
				GCC_WARN_UNUSED_VARIABLE = YES;
				IPHONEOS_DEPLOYMENT_TARGET = 16.4;
				MTL_ENABLE_DEBUG_INFO = NO;
				MTL_FAST_MATH = YES;
				SDKROOT = iphoneos;
				SWIFT_COMPILATION_MODE = wholemodule;
				SWIFT_OPTIMIZATION_LEVEL = "-O";
				VALIDATE_PRODUCT = YES;
			};
			name = Release;
		};
		007F57142AB2F35C009A7990 /* Debug */ = {
			isa = XCBuildConfiguration;
			baseConfigurationReference = D6FEC9B6457CF2515A540473 /* Pods-UsingFrameworkMoya.debug.xcconfig */;
			buildSettings = {
				ASSETCATALOG_COMPILER_APPICON_NAME = AppIcon;
				ASSETCATALOG_COMPILER_GLOBAL_ACCENT_COLOR_NAME = AccentColor;
				CODE_SIGN_STYLE = Automatic;
				CURRENT_PROJECT_VERSION = 1;
				GENERATE_INFOPLIST_FILE = YES;
				INFOPLIST_FILE = UsingFrameworkMoya/Info.plist;
				INFOPLIST_KEY_UIApplicationSupportsIndirectInputEvents = YES;
				INFOPLIST_KEY_UILaunchStoryboardName = LaunchScreen;
				INFOPLIST_KEY_UIMainStoryboardFile = Main;
				INFOPLIST_KEY_UIStatusBarStyle = UIStatusBarStyleLightContent;
				INFOPLIST_KEY_UISupportedInterfaceOrientations_iPad = "UIInterfaceOrientationPortrait UIInterfaceOrientationPortraitUpsideDown UIInterfaceOrientationLandscapeLeft UIInterfaceOrientationLandscapeRight";
				INFOPLIST_KEY_UISupportedInterfaceOrientations_iPhone = "UIInterfaceOrientationPortrait UIInterfaceOrientationLandscapeLeft UIInterfaceOrientationLandscapeRight";
				IPHONEOS_DEPLOYMENT_TARGET = 14.0;
				LD_RUNPATH_SEARCH_PATHS = (
					"$(inherited)",
					"@executable_path/Frameworks",
				);
				MARKETING_VERSION = 1.0;
				PRODUCT_BUNDLE_IDENTIFIER = mirjalol.UsingFrameworkMoya;
				PRODUCT_NAME = "$(TARGET_NAME)";
				SWIFT_EMIT_LOC_STRINGS = YES;
				SWIFT_VERSION = 5.0;
				TARGETED_DEVICE_FAMILY = "1,2";
			};
			name = Debug;
		};
		007F57152AB2F35C009A7990 /* Release */ = {
			isa = XCBuildConfiguration;
			baseConfigurationReference = 3FCA9CDE878DA5B8FAAD9E9A /* Pods-UsingFrameworkMoya.release.xcconfig */;
			buildSettings = {
				ASSETCATALOG_COMPILER_APPICON_NAME = AppIcon;
				ASSETCATALOG_COMPILER_GLOBAL_ACCENT_COLOR_NAME = AccentColor;
				CODE_SIGN_STYLE = Automatic;
				CURRENT_PROJECT_VERSION = 1;
				GENERATE_INFOPLIST_FILE = YES;
				INFOPLIST_FILE = UsingFrameworkMoya/Info.plist;
				INFOPLIST_KEY_UIApplicationSupportsIndirectInputEvents = YES;
				INFOPLIST_KEY_UILaunchStoryboardName = LaunchScreen;
				INFOPLIST_KEY_UIMainStoryboardFile = Main;
				INFOPLIST_KEY_UIStatusBarStyle = UIStatusBarStyleLightContent;
				INFOPLIST_KEY_UISupportedInterfaceOrientations_iPad = "UIInterfaceOrientationPortrait UIInterfaceOrientationPortraitUpsideDown UIInterfaceOrientationLandscapeLeft UIInterfaceOrientationLandscapeRight";
				INFOPLIST_KEY_UISupportedInterfaceOrientations_iPhone = "UIInterfaceOrientationPortrait UIInterfaceOrientationLandscapeLeft UIInterfaceOrientationLandscapeRight";
				IPHONEOS_DEPLOYMENT_TARGET = 14.0;
				LD_RUNPATH_SEARCH_PATHS = (
					"$(inherited)",
					"@executable_path/Frameworks",
				);
				MARKETING_VERSION = 1.0;
				PRODUCT_BUNDLE_IDENTIFIER = mirjalol.UsingFrameworkMoya;
				PRODUCT_NAME = "$(TARGET_NAME)";
				SWIFT_EMIT_LOC_STRINGS = YES;
				SWIFT_VERSION = 5.0;
				TARGETED_DEVICE_FAMILY = "1,2";
			};
			name = Release;
		};
		007F57172AB2F35C009A7990 /* Debug */ = {
			isa = XCBuildConfiguration;
			baseConfigurationReference = A5FC46165DFC1D7205BF1129 /* Pods-UsingFrameworkMoyaTests.debug.xcconfig */;
			buildSettings = {
				ALWAYS_EMBED_SWIFT_STANDARD_LIBRARIES = YES;
				BUNDLE_LOADER = "$(TEST_HOST)";
				CODE_SIGN_STYLE = Automatic;
				CURRENT_PROJECT_VERSION = 1;
				GENERATE_INFOPLIST_FILE = YES;
				IPHONEOS_DEPLOYMENT_TARGET = 16.4;
				MARKETING_VERSION = 1.0;
				PRODUCT_BUNDLE_IDENTIFIER = mirjalol.UsingFrameworkMoyaTests;
				PRODUCT_NAME = "$(TARGET_NAME)";
				SWIFT_EMIT_LOC_STRINGS = NO;
				SWIFT_VERSION = 5.0;
				TARGETED_DEVICE_FAMILY = "1,2";
				TEST_HOST = "$(BUILT_PRODUCTS_DIR)/UsingFrameworkMoya.app/$(BUNDLE_EXECUTABLE_FOLDER_PATH)/UsingFrameworkMoya";
			};
			name = Debug;
		};
		007F57182AB2F35C009A7990 /* Release */ = {
			isa = XCBuildConfiguration;
			baseConfigurationReference = 0D37E4811E565AF50CDADB03 /* Pods-UsingFrameworkMoyaTests.release.xcconfig */;
			buildSettings = {
				ALWAYS_EMBED_SWIFT_STANDARD_LIBRARIES = YES;
				BUNDLE_LOADER = "$(TEST_HOST)";
				CODE_SIGN_STYLE = Automatic;
				CURRENT_PROJECT_VERSION = 1;
				GENERATE_INFOPLIST_FILE = YES;
				IPHONEOS_DEPLOYMENT_TARGET = 16.4;
				MARKETING_VERSION = 1.0;
				PRODUCT_BUNDLE_IDENTIFIER = mirjalol.UsingFrameworkMoyaTests;
				PRODUCT_NAME = "$(TARGET_NAME)";
				SWIFT_EMIT_LOC_STRINGS = NO;
				SWIFT_VERSION = 5.0;
				TARGETED_DEVICE_FAMILY = "1,2";
				TEST_HOST = "$(BUILT_PRODUCTS_DIR)/UsingFrameworkMoya.app/$(BUNDLE_EXECUTABLE_FOLDER_PATH)/UsingFrameworkMoya";
			};
			name = Release;
		};
		007F571A2AB2F35C009A7990 /* Debug */ = {
			isa = XCBuildConfiguration;
			baseConfigurationReference = 14BFD520576CCE3121E871B3 /* Pods-UsingFrameworkMoya-UsingFrameworkMoyaUITests.debug.xcconfig */;
			buildSettings = {
				ALWAYS_EMBED_SWIFT_STANDARD_LIBRARIES = YES;
				CODE_SIGN_STYLE = Automatic;
				CURRENT_PROJECT_VERSION = 1;
				GENERATE_INFOPLIST_FILE = YES;
				MARKETING_VERSION = 1.0;
				PRODUCT_BUNDLE_IDENTIFIER = mirjalol.UsingFrameworkMoyaUITests;
				PRODUCT_NAME = "$(TARGET_NAME)";
				SWIFT_EMIT_LOC_STRINGS = NO;
				SWIFT_VERSION = 5.0;
				TARGETED_DEVICE_FAMILY = "1,2";
				TEST_TARGET_NAME = UsingFrameworkMoya;
			};
			name = Debug;
		};
		007F571B2AB2F35C009A7990 /* Release */ = {
			isa = XCBuildConfiguration;
			baseConfigurationReference = BA045704F4A352EECCBAA3DE /* Pods-UsingFrameworkMoya-UsingFrameworkMoyaUITests.release.xcconfig */;
			buildSettings = {
				ALWAYS_EMBED_SWIFT_STANDARD_LIBRARIES = YES;
				CODE_SIGN_STYLE = Automatic;
				CURRENT_PROJECT_VERSION = 1;
				GENERATE_INFOPLIST_FILE = YES;
				MARKETING_VERSION = 1.0;
				PRODUCT_BUNDLE_IDENTIFIER = mirjalol.UsingFrameworkMoyaUITests;
				PRODUCT_NAME = "$(TARGET_NAME)";
				SWIFT_EMIT_LOC_STRINGS = NO;
				SWIFT_VERSION = 5.0;
				TARGETED_DEVICE_FAMILY = "1,2";
				TEST_TARGET_NAME = UsingFrameworkMoya;
			};
			name = Release;
		};
/* End XCBuildConfiguration section */

/* Begin XCConfigurationList section */
		007F56E42AB2F35A009A7990 /* Build configuration list for PBXProject "UsingFrameworkMoya" */ = {
			isa = XCConfigurationList;
			buildConfigurations = (
				007F57112AB2F35C009A7990 /* Debug */,
				007F57122AB2F35C009A7990 /* Release */,
			);
			defaultConfigurationIsVisible = 0;
			defaultConfigurationName = Release;
		};
		007F57132AB2F35C009A7990 /* Build configuration list for PBXNativeTarget "UsingFrameworkMoya" */ = {
			isa = XCConfigurationList;
			buildConfigurations = (
				007F57142AB2F35C009A7990 /* Debug */,
				007F57152AB2F35C009A7990 /* Release */,
			);
			defaultConfigurationIsVisible = 0;
			defaultConfigurationName = Release;
		};
		007F57162AB2F35C009A7990 /* Build configuration list for PBXNativeTarget "UsingFrameworkMoyaTests" */ = {
			isa = XCConfigurationList;
			buildConfigurations = (
				007F57172AB2F35C009A7990 /* Debug */,
				007F57182AB2F35C009A7990 /* Release */,
			);
			defaultConfigurationIsVisible = 0;
			defaultConfigurationName = Release;
		};
		007F57192AB2F35C009A7990 /* Build configuration list for PBXNativeTarget "UsingFrameworkMoyaUITests" */ = {
			isa = XCConfigurationList;
			buildConfigurations = (
				007F571A2AB2F35C009A7990 /* Debug */,
				007F571B2AB2F35C009A7990 /* Release */,
			);
			defaultConfigurationIsVisible = 0;
			defaultConfigurationName = Release;
		};
/* End XCConfigurationList section */
	};
	rootObject = 007F56E12AB2F35A009A7990 /* Project object */;
}
